
Microsoft Visual Studio Solution File, Format Version 12.00
# Visual Studio Version 16
VisualStudioVersion = 16.0.29905.134
MinimumVisualStudioVersion = 10.0.40219.1
Project("{FAE04EC0-301F-11D3-BF4B-00C04F79EFBC}") = "webapp", "webapp.csproj", "{12B02E2C-F1BA-4E75-8794-0125843A0F68}"
EndProject
Global
	GlobalSection(SolutionConfigurationPlatforms) = preSolution
		Debug|Any CPU = Debug|Any CPU
		Release|Any CPU = Release|Any CPU
	EndGlobalSection
	GlobalSection(ProjectConfigurationPlatforms) = postSolution
		{12B02E2C-F1BA-4E75-8794-0125843A0F68}.Debug|Any CPU.ActiveCfg = Debug|Any CPU
		{12B02E2C-F1BA-4E75-8794-0125843A0F68}.Debug|Any CPU.Build.0 = Debug|Any CPU
		{12B02E2C-F1BA-4E75-8794-0125843A0F68}.Release|Any CPU.ActiveCfg = Release|Any CPU
		{12B02E2C-F1BA-4E75-8794-0125843A0F68}.Release|Any CPU.Build.0 = Release|Any CPU
	EndGlobalSection
	GlobalSection(SolutionProperties) = preSolution
		HideSolutionNode = FALSE
	EndGlobalSection
	GlobalSection(ExtensibilityGlobals) = postSolution
		SolutionGuid = {2A4D9CB5-ADBF-4651-B300-CC8C19835492}
	EndGlobalSection
EndGlobal
